
Microsoft Visual Studio Solution File, Format Version 12.00
# Visual Studio 15
Project("{FAE04EC0-301F-11D3-BF4B-00C04F79EFBC}") = "spine-unity-examples", "spine-unity-examples.csproj", "{C4A57383-E2A2-D81A-FFA8-7B3CBD33221A}"
EndProject
Project("{FAE04EC0-301F-11D3-BF4B-00C04F79EFBC}") = "Assembly-CSharp", "Assembly-CSharp.csproj", "{2F76E1AE-A7D0-1864-0028-9183371C38F7}"
EndProject
Project("{FAE04EC0-301F-11D3-BF4B-00C04F79EFBC}") = "spine-unity", "spine-unity.csproj", "{6FA368DE-A233-F745-82BC-024513A2554B}"
EndProject
Project("{FAE04EC0-301F-11D3-BF4B-00C04F79EFBC}") = "spine-unity-editor", "spine-unity-editor.csproj", "{7EF84086-BBC8-1258-92C2-0BFB8CC226AA}"
EndProject
Project("{FAE04EC0-301F-11D3-BF4B-00C04F79EFBC}") = "SpineTests", "SpineTests.csproj", "{01BAEB9D-AC8C-46B0-436B-48FD93DF93AD}"
EndProject
Project("{FAE04EC0-301F-11D3-BF4B-00C04F79EFBC}") = "spine-unity-examples-editor", "spine-unity-examples-editor.csproj", "{51BB36B4-E0B9-45F6-661A-A3FA80EBF7C8}"
EndProject
Global
	GlobalSection(SolutionConfigurationPlatforms) = preSolution
		Debug|Any CPU = Debug|Any CPU
		Release|Any CPU = Release|Any CPU
	EndGlobalSection
	GlobalSection(ProjectConfigurationPlatforms) = postSolution
		{C4A57383-E2A2-D81A-FFA8-7B3CBD33221A}.Debug|Any CPU.ActiveCfg = Debug|Any CPU
		{C4A57383-E2A2-D81A-FFA8-7B3CBD33221A}.Debug|Any CPU.Build.0 = Debug|Any CPU
		{C4A57383-E2A2-D81A-FFA8-7B3CBD33221A}.Release|Any CPU.ActiveCfg = Release|Any CPU
		{C4A57383-E2A2-D81A-FFA8-7B3CBD33221A}.Release|Any CPU.Build.0 = Release|Any CPU
		{2F76E1AE-A7D0-1864-0028-9183371C38F7}.Debug|Any CPU.ActiveCfg = Debug|Any CPU
		{2F76E1AE-A7D0-1864-0028-9183371C38F7}.Debug|Any CPU.Build.0 = Debug|Any CPU
		{2F76E1AE-A7D0-1864-0028-9183371C38F7}.Release|Any CPU.ActiveCfg = Release|Any CPU
		{2F76E1AE-A7D0-1864-0028-9183371C38F7}.Release|Any CPU.Build.0 = Release|Any CPU
		{6FA368DE-A233-F745-82BC-024513A2554B}.Debug|Any CPU.ActiveCfg = Debug|Any CPU
		{6FA368DE-A233-F745-82BC-024513A2554B}.Debug|Any CPU.Build.0 = Debug|Any CPU
		{6FA368DE-A233-F745-82BC-024513A2554B}.Release|Any CPU.ActiveCfg = Release|Any CPU
		{6FA368DE-A233-F745-82BC-024513A2554B}.Release|Any CPU.Build.0 = Release|Any CPU
		{7EF84086-BBC8-1258-92C2-0BFB8CC226AA}.Debug|Any CPU.ActiveCfg = Debug|Any CPU
		{7EF84086-BBC8-1258-92C2-0BFB8CC226AA}.Debug|Any CPU.Build.0 = Debug|Any CPU
		{7EF84086-BBC8-1258-92C2-0BFB8CC226AA}.Release|Any CPU.ActiveCfg = Release|Any CPU
		{7EF84086-BBC8-1258-92C2-0BFB8CC226AA}.Release|Any CPU.Build.0 = Release|Any CPU
		{01BAEB9D-AC8C-46B0-436B-48FD93DF93AD}.Debug|Any CPU.ActiveCfg = Debug|Any CPU
		{01BAEB9D-AC8C-46B0-436B-48FD93DF93AD}.Debug|Any CPU.Build.0 = Debug|Any CPU
		{01BAEB9D-AC8C-46B0-436B-48FD93DF93AD}.Release|Any CPU.ActiveCfg = Release|Any CPU
		{01BAEB9D-AC8C-46B0-436B-48FD93DF93AD}.Release|Any CPU.Build.0 = Release|Any CPU
		{51BB36B4-E0B9-45F6-661A-A3FA80EBF7C8}.Debug|Any CPU.ActiveCfg = Debug|Any CPU
		{51BB36B4-E0B9-45F6-661A-A3FA80EBF7C8}.Debug|Any CPU.Build.0 = Debug|Any CPU
		{51BB36B4-E0B9-45F6-661A-A3FA80EBF7C8}.Release|Any CPU.ActiveCfg = Release|Any CPU
		{51BB36B4-E0B9-45F6-661A-A3FA80EBF7C8}.Release|Any CPU.Build.0 = Release|Any CPU
	EndGlobalSection
	GlobalSection(SolutionProperties) = preSolution
		HideSolutionNode = FALSE
	EndGlobalSection
EndGlobal
